
Microsoft Visual Studio Solution File, Format Version 12.00
# Visual Studio 15
VisualStudioVersion = 15.0.28307.1972
MinimumVisualStudioVersion = 10.0.40219.1
Project("{8BC9CEB8-8B4A-11D0-8D11-00A0C91BC942}") = "Prog2_1_background", "配套代码程序\Prog2_1_background\Prog2_1_background.vcxproj", "{F34923E5-2863-41CC-AE97-C7E80A9CF115}"
EndProject
Project("{8BC9CEB8-8B4A-11D0-8D11-00A0C91BC942}") = "Prog2_2_point", "配套代码程序\Prog2_2_point\Prog2_2_point.vcxproj", "{79A829C9-20D3-4A6A-938B-2ACDBDD76003}"
EndProject
Project("{8BC9CEB8-8B4A-11D0-8D11-00A0C91BC942}") = "Prog2_3_errorChecking", "配套代码程序\Prog2_3_errorChecking\Prog2_3_errorChecking.vcxproj", "{754C8DA2-0B1C-48FC-90F8-67805D128C61}"
EndProject
Project("{8BC9CEB8-8B4A-11D0-8D11-00A0C91BC942}") = "Prog2_4_files", "配套代码程序\Prog2_4_files\Prog2_4_files.vcxproj", "{1F0C95B6-09D8-4E35-A5E0-77217D4AB4C2}"
EndProject
Project("{8BC9CEB8-8B4A-11D0-8D11-00A0C91BC942}") = "Prog2_5_triangle", "配套代码程序\Prog2_5_triangle\Prog2_5_triangle.vcxproj", "{9D5DEFEB-7370-4F47-A25F-61E5163C8E94}"
EndProject
Project("{8BC9CEB8-8B4A-11D0-8D11-00A0C91BC942}") = "Prog2_6_animation", "配套代码程序\Prog2_6_animation\Prog2_6_animation.vcxproj", "{3D39088C-B8BB-4E14-B3B2-CA992671B55B}"
EndProject
Project("{8BC9CEB8-8B4A-11D0-8D11-00A0C91BC942}") = "Prog2_supplemental_queryingOpenGL", "配套代码程序\Prog2_supplemental_queryingOpenGL\Prog2_supplemental_queryingOpenGL.vcxproj", "{D8941C13-4A72-40AC-A115-D9D1C03AAB76}"
EndProject
Project("{8BC9CEB8-8B4A-11D0-8D11-00A0C91BC942}") = "Prog4_1_1_plainRedCube", "配套代码程序\Prog4_1_1_plainRedCube\Prog4_1_1_plainRedCube.vcxproj", "{C341F416-EF15-49EE-926F-EDEF2341F404}"
EndProject
Project("{8BC9CEB8-8B4A-11D0-8D11-00A0C91BC942}") = "Prog4_1_2_interpolatedColors", "配套代码程序\Prog4_1_2_interpolatedColors\Prog4_1_2_interpolatedColors.vcxproj", "{B1002E9B-01C1-4B05-838C-03A95301876C}"
EndProject
Project("{8BC9CEB8-8B4A-11D0-8D11-00A0C91BC942}") = "Prog4_1_3_tumbling", "配套代码程序\Prog4_1_3_tumbling\Prog4_1_3_tumbling.vcxproj", "{2AB38293-2FA2-46EF-BD43-F02267816E18}"
EndProject
Project("{8BC9CEB8-8B4A-11D0-8D11-00A0C91BC942}") = "Prog4_1_4_multipleCubes", "配套代码程序\Prog4_1_4_multipleCubes\Prog4_1_4_multipleCubes.vcxproj", "{0687D5BE-3779-432A-9ED6-45C527BBF245}"
EndProject
Project("{8BC9CEB8-8B4A-11D0-8D11-00A0C91BC942}") = "Prog4_2_instancing", "配套代码程序\Prog4_2_instancing\Prog4_2_instancing.vcxproj", "{1B8D7C2C-CF7F-49E5-B475-DD752AF91651}"
EndProject
Project("{8BC9CEB8-8B4A-11D0-8D11-00A0C91BC942}") = "Prog4_3_multipleModels", "配套代码程序\Prog4_3_multipleModels\Prog4_3_multipleModels.vcxproj", "{822616DD-2886-4E6F-9432-0BA5F63064E7}"
EndProject
Project("{8BC9CEB8-8B4A-11D0-8D11-00A0C91BC942}") = "Prog4_4_matrixStack", "配套代码程序\Prog4_4_matrixStack\Prog4_4_matrixStack.vcxproj", "{431E20FB-A0D3-4718-A305-0B86092C3532}"
EndProject
Project("{8BC9CEB8-8B4A-11D0-8D11-00A0C91BC942}") = "Prog5_1_texturedPyramid", "配套代码程序\Prog5_1_texturedPyramid\Prog5_1_texturedPyramid.vcxproj", "{5EB34A4C-0599-4D90-8077-9FCB41050C73}"
EndProject
Project("{8BC9CEB8-8B4A-11D0-8D11-00A0C91BC942}") = "Prog5_1b_texturedPyramidMipmapAniso", "配套代码程序\Prog5_1b_texturedPyramidMipmapAniso\Prog5_1b_texturedPyramidMipmapAniso.vcxproj", "{ECC6B5CE-FA00-44AE-BBF9-691C3DB38627}"
EndProject
Project("{8BC9CEB8-8B4A-11D0-8D11-00A0C91BC942}") = "Prog6_1_sphere", "配套代码程序\Prog6_1_sphere\Prog6_1_sphere.vcxproj", "{6946D6C0-9757-4DB9-81A9-4E2651EF541C}"
EndProject
Project("{8BC9CEB8-8B4A-11D0-8D11-00A0C91BC942}") = "Prog6_2_torus", "配套代码程序\Prog6_2_torus\Prog6_2_torus.vcxproj", "{D9808C06-7DD2-417F-9A4A-B2CE554E7378}"
EndProject
Project("{8BC9CEB8-8B4A-11D0-8D11-00A0C91BC942}") = "Prog6_3_objLoaderShuttle", "配套代码程序\Prog6_3_objLoaderShuttle\Prog6_3_objLoaderShuttle.vcxproj", "{BFA086A7-1BB0-49AD-A5E4-B62C1FBE7FF4}"
EndProject
Project("{8BC9CEB8-8B4A-11D0-8D11-00A0C91BC942}") = "Prog7_1_lightingADS", "配套代码程序\Prog7_1_lightingADS\Prog7_1_lightingADS.vcxproj", "{7B62FB2C-A875-447B-B794-215D5CB92639}"
EndProject
Project("{8BC9CEB8-8B4A-11D0-8D11-00A0C91BC942}") = "Prog8_1_shadowMapping", "配套代码程序\Prog8_1_shadowMapping\Prog8_1_shadowMapping.vcxproj", "{DC90172B-BE7C-4828-BA17-CC002B5B7B79}"
EndProject
Project("{8BC9CEB8-8B4A-11D0-8D11-00A0C91BC942}") = "Prog8_2_softShadowsPCF", "配套代码程序\Prog8_2_softShadowsPCF\Prog8_2_softShadowsPCF.vcxproj", "{F9F28C55-356A-42B9-8C23-A42A683D8F1C}"
EndProject
Project("{8BC9CEB8-8B4A-11D0-8D11-00A0C91BC942}") = "Prog9_1_skyboxSimple", "配套代码程序\Prog9_1_skyboxSimple\Prog9_1_skyboxSimple.vcxproj", "{44A7F133-E14F-4E68-8CB3-A2319000B08A}"
EndProject
Project("{8BC9CEB8-8B4A-11D0-8D11-00A0C91BC942}") = "Prog9_2_skyboxOpenGL", "配套代码程序\Prog9_2_skyboxOpenGL\Prog9_2_skyboxOpenGL.vcxproj", "{F91D848C-60E1-4481-9506-F2B030A78EEC}"
EndProject
Project("{8BC9CEB8-8B4A-11D0-8D11-00A0C91BC942}") = "Prog9_3_environmentMapping", "配套代码程序\Prog9_3_environmentMapping\Prog9_3_environmentMapping.vcxproj", "{0DE04C29-E621-41C6-97CA-7DD122807DF8}"
EndProject
Project("{8BC9CEB8-8B4A-11D0-8D11-00A0C91BC942}") = "Prog10_1_procBump", "配套代码程序\Prog10_1_procBump\Prog10_1_procBump.vcxproj", "{7DFA3686-65CC-477E-907B-55BC34CB62CC}"
EndProject
Project("{8BC9CEB8-8B4A-11D0-8D11-00A0C91BC942}") = "Prog10_2_normalMapping", "配套代码程序\Prog10_2_normalMapping\Prog10_2_normalMapping.vcxproj", "{40659014-E291-47A1-B657-BAB58BD20418}"
EndProject
Project("{8BC9CEB8-8B4A-11D0-8D11-00A0C91BC942}") = "Prog10_3_texturePlusNormal", "配套代码程序\Prog10_3_texturePlusNormal\Prog10_3_texturePlusNormal.vcxproj", "{A7528348-6A65-4C4D-B774-79303F3C943A}"
EndProject
Project("{8BC9CEB8-8B4A-11D0-8D11-00A0C91BC942}") = "Prog10_4_1_heightMappedTerrain", "配套代码程序\Prog10_4_1_heightMappedTerrain\Prog10_4_1_heightMappedTerrain.vcxproj", "{67029BD7-74DE-4CE1-A142-DBBCF2DC9403}"
EndProject
Project("{8BC9CEB8-8B4A-11D0-8D11-00A0C91BC942}") = "Prog10_4_2_sphereVertexHeightMap", "配套代码程序\Prog10_4_2_sphereVertexHeightMap\Prog10_4_2_sphereVertexHeightMap.vcxproj", "{D810721F-9373-4BB0-8DEA-76065D55BDF4}"
EndProject
Project("{8BC9CEB8-8B4A-11D0-8D11-00A0C91BC942}") = "Prog12_1_tessellationGridOnly", "配套代码程序\Prog12_1_tessellationGridOnly\Prog12_1_tessellationGridOnly.vcxproj", "{709A4F10-A849-48D4-A96F-A48E17B59A08}"
EndProject
Project("{8BC9CEB8-8B4A-11D0-8D11-00A0C91BC942}") = "Prog12_2_tessellationBezier", "配套代码程序\Prog12_2_tessellationBezier\Prog12_2_tessellationBezier.vcxproj", "{826D4674-AB89-40D0-8424-25AF37FEF00F}"
EndProject
Project("{8BC9CEB8-8B4A-11D0-8D11-00A0C91BC942}") = "Prog12_3_1_tessHeightMappedInstanced", "配套代码程序\Prog12_3_1_tessHeightMappedInstanced\Prog12_3_1_tessHeightMappedInstanced.vcxproj", "{D6318599-9BF4-46D4-B7F5-341EB7A7561D}"
EndProject
Project("{8BC9CEB8-8B4A-11D0-8D11-00A0C91BC942}") = "Prog12_3_2_tessHeightMappedInstWLighting", "配套代码程序\Prog12_3_2_tessHeightMappedInstWLighting\Prog12_3_2_tessHeightMappedInstWLighting.vcxproj", "{44AF550C-407D-41FB-8392-8F547BC7FAE4}"
EndProject
Project("{8BC9CEB8-8B4A-11D0-8D11-00A0C91BC942}") = "Prog12_4_TessHeightMapInstancedLOD", "配套代码程序\Prog12_4_TessHeightMapInstancedLOD\Prog12_4_TessHeightMapInstancedLOD.vcxproj", "{4B55683A-E566-4A8C-B44E-7F012626272D}"
EndProject
Project("{8BC9CEB8-8B4A-11D0-8D11-00A0C91BC942}") = "Prog13_1_1_geomModInflate", "配套代码程序\Prog13_1_1_geomModInflate\Prog13_1_1_geomModInflate.vcxproj", "{276FAB29-D7E6-4C75-9F07-D68500C0C348}"
EndProject
Project("{8BC9CEB8-8B4A-11D0-8D11-00A0C91BC942}") = "Prog13_1_2_geomModExplodeNobackfaces", "配套代码程序\Prog13_1_2_geomModExplodeNobackfaces\Prog13_1_2_geomModExplodeNobackfaces.vcxproj", "{A0C1A3C9-5619-4121-9DF5-B741B9DAC5CB}"
EndProject
Project("{8BC9CEB8-8B4A-11D0-8D11-00A0C91BC942}") = "Prog13_1_3_geomModExplodeWithbackfaces", "配套代码程序\Prog13_1_3_geomModExplodeWithbackfaces\Prog13_1_3_geomModExplodeWithbackfaces.vcxproj", "{DD71068B-D290-4909-8283-21A036C6CA23}"
EndProject
Project("{8BC9CEB8-8B4A-11D0-8D11-00A0C91BC942}") = "Prog13_2_geometryDel", "配套代码程序\Prog13_2_geometryDel\Prog13_2_geometryDel.vcxproj", "{0989461C-BFA4-4E08-86B2-45B323DD9A58}"
EndProject
Project("{8BC9CEB8-8B4A-11D0-8D11-00A0C91BC942}") = "Prog13_3_geometryAdd", "配套代码程序\Prog13_3_geometryAdd\Prog13_3_geometryAdd.vcxproj", "{033AF18E-A9D9-46FC-AFC8-32F1201352E0}"
EndProject
Project("{8BC9CEB8-8B4A-11D0-8D11-00A0C91BC942}") = "Prog13_4_geometryChange", "配套代码程序\Prog13_4_geometryChange\Prog13_4_geometryChange.vcxproj", "{21EF55B4-27F9-4F3C-8268-7E5FD0EED273}"
EndProject
Project("{8BC9CEB8-8B4A-11D0-8D11-00A0C91BC942}") = "Prog14_1_fog", "配套代码程序\Prog14_1_fog\Prog14_1_fog.vcxproj", "{ACC33F62-58DF-4DBC-A28C-2689E89E384E}"
EndProject
Project("{8BC9CEB8-8B4A-11D0-8D11-00A0C91BC942}") = "Prog14_2_blending", "配套代码程序\Prog14_2_blending\Prog14_2_blending.vcxproj", "{1D398BDA-A12F-4186-AB36-D1E1BEA42A7D}"
EndProject
Project("{8BC9CEB8-8B4A-11D0-8D11-00A0C91BC942}") = "Prog14_3_clipping", "配套代码程序\Prog14_3_clipping\Prog14_3_clipping.vcxproj", "{3B0FA268-EDA4-40EE-BD9F-FCC2166A4D65}"
EndProject
Project("{8BC9CEB8-8B4A-11D0-8D11-00A0C91BC942}") = "Prog14_4_stripes3Dtex", "配套代码程序\Prog14_4_stripes3Dtex\Prog14_4_stripes3Dtex.vcxproj", "{55FB12E1-3E80-4A7C-94DA-126FF170A09B}"
EndProject
Project("{8BC9CEB8-8B4A-11D0-8D11-00A0C91BC942}") = "Prog14_5_marble", "配套代码程序\Prog14_5_marble\Prog14_5_marble.vcxproj", "{681125F5-A09E-4E96-B487-99C25114E43B}"
EndProject
Project("{8BC9CEB8-8B4A-11D0-8D11-00A0C91BC942}") = "Prog14_6_wood", "配套代码程序\Prog14_6_wood\Prog14_6_wood.vcxproj", "{FE6A445F-687F-40B7-B40D-967066313057}"
EndProject
Project("{8BC9CEB8-8B4A-11D0-8D11-00A0C91BC942}") = "Prog14_7_clouds", "配套代码程序\Prog14_7_clouds\Prog14_7_clouds.vcxproj", "{DCF9AC45-1600-4714-91EF-3A3FFBA6781A}"
EndProject
Project("{8BC9CEB8-8B4A-11D0-8D11-00A0C91BC942}") = "Prog14_8_cloudsChanging", "配套代码程序\Prog14_8_cloudsChanging\Prog14_8_cloudsChanging.vcxproj", "{5E354209-1C48-4EBC-B985-37DC8C9ECD1B}"
EndProject
Project("{8BC9CEB8-8B4A-11D0-8D11-00A0C91BC942}") = "Prog14_9_dissolve", "配套代码程序\Prog14_9_dissolve\Prog14_9_dissolve.vcxproj", "{D16C8926-0446-4075-A045-7C5592E40754}"
EndProject
Global
	GlobalSection(SolutionConfigurationPlatforms) = preSolution
		Debug|x64 = Debug|x64
		Debug|x86 = Debug|x86
		Release|x64 = Release|x64
		Release|x86 = Release|x86
	EndGlobalSection
	GlobalSection(ProjectConfigurationPlatforms) = postSolution
		{F34923E5-2863-41CC-AE97-C7E80A9CF115}.Debug|x64.ActiveCfg = Debug|x64
		{F34923E5-2863-41CC-AE97-C7E80A9CF115}.Debug|x64.Build.0 = Debug|x64
		{F34923E5-2863-41CC-AE97-C7E80A9CF115}.Debug|x86.ActiveCfg = Debug|Win32
		{F34923E5-2863-41CC-AE97-C7E80A9CF115}.Debug|x86.Build.0 = Debug|Win32
		{F34923E5-2863-41CC-AE97-C7E80A9CF115}.Release|x64.ActiveCfg = Release|x64
		{F34923E5-2863-41CC-AE97-C7E80A9CF115}.Release|x64.Build.0 = Release|x64
		{F34923E5-2863-41CC-AE97-C7E80A9CF115}.Release|x86.ActiveCfg = Release|Win32
		{F34923E5-2863-41CC-AE97-C7E80A9CF115}.Release|x86.Build.0 = Release|Win32
		{79A829C9-20D3-4A6A-938B-2ACDBDD76003}.Debug|x64.ActiveCfg = Debug|x64
		{79A829C9-20D3-4A6A-938B-2ACDBDD76003}.Debug|x64.Build.0 = Debug|x64
		{79A829C9-20D3-4A6A-938B-2ACDBDD76003}.Debug|x86.ActiveCfg = Debug|Win32
		{79A829C9-20D3-4A6A-938B-2ACDBDD76003}.Debug|x86.Build.0 = Debug|Win32
		{79A829C9-20D3-4A6A-938B-2ACDBDD76003}.Release|x64.ActiveCfg = Release|x64
		{79A829C9-20D3-4A6A-938B-2ACDBDD76003}.Release|x64.Build.0 = Release|x64
		{79A829C9-20D3-4A6A-938B-2ACDBDD76003}.Release|x86.ActiveCfg = Release|Win32
		{79A829C9-20D3-4A6A-938B-2ACDBDD76003}.Release|x86.Build.0 = Release|Win32
		{754C8DA2-0B1C-48FC-90F8-67805D128C61}.Debug|x64.ActiveCfg = Debug|x64
		{754C8DA2-0B1C-48FC-90F8-67805D128C61}.Debug|x64.Build.0 = Debug|x64
		{754C8DA2-0B1C-48FC-90F8-67805D128C61}.Debug|x86.ActiveCfg = Debug|Win32
		{754C8DA2-0B1C-48FC-90F8-67805D128C61}.Debug|x86.Build.0 = Debug|Win32
		{754C8DA2-0B1C-48FC-90F8-67805D128C61}.Release|x64.ActiveCfg = Release|x64
		{754C8DA2-0B1C-48FC-90F8-67805D128C61}.Release|x64.Build.0 = Release|x64
		{754C8DA2-0B1C-48FC-90F8-67805D128C61}.Release|x86.ActiveCfg = Release|Win32
		{754C8DA2-0B1C-48FC-90F8-67805D128C61}.Release|x86.Build.0 = Release|Win32
		{1F0C95B6-09D8-4E35-A5E0-77217D4AB4C2}.Debug|x64.ActiveCfg = Debug|x64
		{1F0C95B6-09D8-4E35-A5E0-77217D4AB4C2}.Debug|x64.Build.0 = Debug|x64
		{1F0C95B6-09D8-4E35-A5E0-77217D4AB4C2}.Debug|x86.ActiveCfg = Debug|Win32
		{1F0C95B6-09D8-4E35-A5E0-77217D4AB4C2}.Debug|x86.Build.0 = Debug|Win32
		{1F0C95B6-09D8-4E35-A5E0-77217D4AB4C2}.Release|x64.ActiveCfg = Release|x64
		{1F0C95B6-09D8-4E35-A5E0-77217D4AB4C2}.Release|x64.Build.0 = Release|x64
		{1F0C95B6-09D8-4E35-A5E0-77217D4AB4C2}.Release|x86.ActiveCfg = Release|Win32
		{1F0C95B6-09D8-4E35-A5E0-77217D4AB4C2}.Release|x86.Build.0 = Release|Win32
		{9D5DEFEB-7370-4F47-A25F-61E5163C8E94}.Debug|x64.ActiveCfg = Debug|x64
		{9D5DEFEB-7370-4F47-A25F-61E5163C8E94}.Debug|x64.Build.0 = Debug|x64
		{9D5DEFEB-7370-4F47-A25F-61E5163C8E94}.Debug|x86.ActiveCfg = Debug|Win32
		{9D5DEFEB-7370-4F47-A25F-61E5163C8E94}.Debug|x86.Build.0 = Debug|Win32
		{9D5DEFEB-7370-4F47-A25F-61E5163C8E94}.Release|x64.ActiveCfg = Release|x64
		{9D5DEFEB-7370-4F47-A25F-61E5163C8E94}.Release|x64.Build.0 = Release|x64
		{9D5DEFEB-7370-4F47-A25F-61E5163C8E94}.Release|x86.ActiveCfg = Release|Win32
		{9D5DEFEB-7370-4F47-A25F-61E5163C8E94}.Release|x86.Build.0 = Release|Win32
		{3D39088C-B8BB-4E14-B3B2-CA992671B55B}.Debug|x64.ActiveCfg = Debug|x64
		{3D39088C-B8BB-4E14-B3B2-CA992671B55B}.Debug|x64.Build.0 = Debug|x64
		{3D39088C-B8BB-4E14-B3B2-CA992671B55B}.Debug|x86.ActiveCfg = Debug|Win32
		{3D39088C-B8BB-4E14-B3B2-CA992671B55B}.Debug|x86.Build.0 = Debug|Win32
		{3D39088C-B8BB-4E14-B3B2-CA992671B55B}.Release|x64.ActiveCfg = Release|x64
		{3D39088C-B8BB-4E14-B3B2-CA992671B55B}.Release|x64.Build.0 = Release|x64
		{3D39088C-B8BB-4E14-B3B2-CA992671B55B}.Release|x86.ActiveCfg = Release|Win32
		{3D39088C-B8BB-4E14-B3B2-CA992671B55B}.Release|x86.Build.0 = Release|Win32
		{D8941C13-4A72-40AC-A115-D9D1C03AAB76}.Debug|x64.ActiveCfg = Debug|x64
		{D8941C13-4A72-40AC-A115-D9D1C03AAB76}.Debug|x64.Build.0 = Debug|x64
		{D8941C13-4A72-40AC-A115-D9D1C03AAB76}.Debug|x86.ActiveCfg = Debug|Win32
		{D8941C13-4A72-40AC-A115-D9D1C03AAB76}.Debug|x86.Build.0 = Debug|Win32
		{D8941C13-4A72-40AC-A115-D9D1C03AAB76}.Release|x64.ActiveCfg = Release|x64
		{D8941C13-4A72-40AC-A115-D9D1C03AAB76}.Release|x64.Build.0 = Release|x64
		{D8941C13-4A72-40AC-A115-D9D1C03AAB76}.Release|x86.ActiveCfg = Release|Win32
		{D8941C13-4A72-40AC-A115-D9D1C03AAB76}.Release|x86.Build.0 = Release|Win32
		{C341F416-EF15-49EE-926F-EDEF2341F404}.Debug|x64.ActiveCfg = Debug|x64
		{C341F416-EF15-49EE-926F-EDEF2341F404}.Debug|x64.Build.0 = Debug|x64
		{C341F416-EF15-49EE-926F-EDEF2341F404}.Debug|x86.ActiveCfg = Debug|Win32
		{C341F416-EF15-49EE-926F-EDEF2341F404}.Debug|x86.Build.0 = Debug|Win32
		{C341F416-EF15-49EE-926F-EDEF2341F404}.Release|x64.ActiveCfg = Release|x64
		{C341F416-EF15-49EE-926F-EDEF2341F404}.Release|x64.Build.0 = Release|x64
		{C341F416-EF15-49EE-926F-EDEF2341F404}.Release|x86.ActiveCfg = Release|Win32
		{C341F416-EF15-49EE-926F-EDEF2341F404}.Release|x86.Build.0 = Release|Win32
		{B1002E9B-01C1-4B05-838C-03A95301876C}.Debug|x64.ActiveCfg = Debug|x64
		{B1002E9B-01C1-4B05-838C-03A95301876C}.Debug|x64.Build.0 = Debug|x64
		{B1002E9B-01C1-4B05-838C-03A95301876C}.Debug|x86.ActiveCfg = Debug|Win32
		{B1002E9B-01C1-4B05-838C-03A95301876C}.Debug|x86.Build.0 = Debug|Win32
		{B1002E9B-01C1-4B05-838C-03A95301876C}.Release|x64.ActiveCfg = Release|x64
		{B1002E9B-01C1-4B05-838C-03A95301876C}.Release|x64.Build.0 = Release|x64
		{B1002E9B-01C1-4B05-838C-03A95301876C}.Release|x86.ActiveCfg = Release|Win32
		{B1002E9B-01C1-4B05-838C-03A95301876C}.Release|x86.Build.0 = Release|Win32
		{2AB38293-2FA2-46EF-BD43-F02267816E18}.Debug|x64.ActiveCfg = Debug|x64
		{2AB38293-2FA2-46EF-BD43-F02267816E18}.Debug|x64.Build.0 = Debug|x64
		{2AB38293-2FA2-46EF-BD43-F02267816E18}.Debug|x86.ActiveCfg = Debug|Win32
		{2AB38293-2FA2-46EF-BD43-F02267816E18}.Debug|x86.Build.0 = Debug|Win32
		{2AB38293-2FA2-46EF-BD43-F02267816E18}.Release|x64.ActiveCfg = Release|x64
		{2AB38293-2FA2-46EF-BD43-F02267816E18}.Release|x64.Build.0 = Release|x64
		{2AB38293-2FA2-46EF-BD43-F02267816E18}.Release|x86.ActiveCfg = Release|Win32
		{2AB38293-2FA2-46EF-BD43-F02267816E18}.Release|x86.Build.0 = Release|Win32
		{0687D5BE-3779-432A-9ED6-45C527BBF245}.Debug|x64.ActiveCfg = Debug|x64
		{0687D5BE-3779-432A-9ED6-45C527BBF245}.Debug|x64.Build.0 = Debug|x64
		{0687D5BE-3779-432A-9ED6-45C527BBF245}.Debug|x86.ActiveCfg = Debug|Win32
		{0687D5BE-3779-432A-9ED6-45C527BBF245}.Debug|x86.Build.0 = Debug|Win32
		{0687D5BE-3779-432A-9ED6-45C527BBF245}.Release|x64.ActiveCfg = Release|x64
		{0687D5BE-3779-432A-9ED6-45C527BBF245}.Release|x64.Build.0 = Release|x64
		{0687D5BE-3779-432A-9ED6-45C527BBF245}.Release|x86.ActiveCfg = Release|Win32
		{0687D5BE-3779-432A-9ED6-45C527BBF245}.Release|x86.Build.0 = Release|Win32
		{1B8D7C2C-CF7F-49E5-B475-DD752AF91651}.Debug|x64.ActiveCfg = Debug|x64
		{1B8D7C2C-CF7F-49E5-B475-DD752AF91651}.Debug|x64.Build.0 = Debug|x64
		{1B8D7C2C-CF7F-49E5-B475-DD752AF91651}.Debug|x86.ActiveCfg = Debug|Win32
		{1B8D7C2C-CF7F-49E5-B475-DD752AF91651}.Debug|x86.Build.0 = Debug|Win32
		{1B8D7C2C-CF7F-49E5-B475-DD752AF91651}.Release|x64.ActiveCfg = Release|x64
		{1B8D7C2C-CF7F-49E5-B475-DD752AF91651}.Release|x64.Build.0 = Release|x64
		{1B8D7C2C-CF7F-49E5-B475-DD752AF91651}.Release|x86.ActiveCfg = Release|Win32
		{1B8D7C2C-CF7F-49E5-B475-DD752AF91651}.Release|x86.Build.0 = Release|Win32
		{822616DD-2886-4E6F-9432-0BA5F63064E7}.Debug|x64.ActiveCfg = Debug|x64
		{822616DD-2886-4E6F-9432-0BA5F63064E7}.Debug|x64.Build.0 = Debug|x64
		{822616DD-2886-4E6F-9432-0BA5F63064E7}.Debug|x86.ActiveCfg = Debug|Win32
		{822616DD-2886-4E6F-9432-0BA5F63064E7}.Debug|x86.Build.0 = Debug|Win32
		{822616DD-2886-4E6F-9432-0BA5F63064E7}.Release|x64.ActiveCfg = Release|x64
		{822616DD-2886-4E6F-9432-0BA5F63064E7}.Release|x64.Build.0 = Release|x64
		{822616DD-2886-4E6F-9432-0BA5F63064E7}.Release|x86.ActiveCfg = Release|Win32
		{822616DD-2886-4E6F-9432-0BA5F63064E7}.Release|x86.Build.0 = Release|Win32
		{431E20FB-A0D3-4718-A305-0B86092C3532}.Debug|x64.ActiveCfg = Debug|x64
		{431E20FB-A0D3-4718-A305-0B86092C3532}.Debug|x64.Build.0 = Debug|x64
		{431E20FB-A0D3-4718-A305-0B86092C3532}.Debug|x86.ActiveCfg = Debug|Win32
		{431E20FB-A0D3-4718-A305-0B86092C3532}.Debug|x86.Build.0 = Debug|Win32
		{431E20FB-A0D3-4718-A305-0B86092C3532}.Release|x64.ActiveCfg = Release|x64
		{431E20FB-A0D3-4718-A305-0B86092C3532}.Release|x64.Build.0 = Release|x64
		{431E20FB-A0D3-4718-A305-0B86092C3532}.Release|x86.ActiveCfg = Release|Win32
		{431E20FB-A0D3-4718-A305-0B86092C3532}.Release|x86.Build.0 = Release|Win32
		{5EB34A4C-0599-4D90-8077-9FCB41050C73}.Debug|x64.ActiveCfg = Debug|x64
		{5EB34A4C-0599-4D90-8077-9FCB41050C73}.Debug|x64.Build.0 = Debug|x64
		{5EB34A4C-0599-4D90-8077-9FCB41050C73}.Debug|x86.ActiveCfg = Debug|Win32
		{5EB34A4C-0599-4D90-8077-9FCB41050C73}.Debug|x86.Build.0 = Debug|Win32
		{5EB34A4C-0599-4D90-8077-9FCB41050C73}.Release|x64.ActiveCfg = Release|x64
		{5EB34A4C-0599-4D90-8077-9FCB41050C73}.Release|x64.Build.0 = Release|x64
		{5EB34A4C-0599-4D90-8077-9FCB41050C73}.Release|x86.ActiveCfg = Release|Win32
		{5EB34A4C-0599-4D90-8077-9FCB41050C73}.Release|x86.Build.0 = Release|Win32
		{ECC6B5CE-FA00-44AE-BBF9-691C3DB38627}.Debug|x64.ActiveCfg = Debug|x64
		{ECC6B5CE-FA00-44AE-BBF9-691C3DB38627}.Debug|x64.Build.0 = Debug|x64
		{ECC6B5CE-FA00-44AE-BBF9-691C3DB38627}.Debug|x86.ActiveCfg = Debug|Win32
		{ECC6B5CE-FA00-44AE-BBF9-691C3DB38627}.Debug|x86.Build.0 = Debug|Win32
		{ECC6B5CE-FA00-44AE-BBF9-691C3DB38627}.Release|x64.ActiveCfg = Release|x64
		{ECC6B5CE-FA00-44AE-BBF9-691C3DB38627}.Release|x64.Build.0 = Release|x64
		{ECC6B5CE-FA00-44AE-BBF9-691C3DB38627}.Release|x86.ActiveCfg = Release|Win32
		{ECC6B5CE-FA00-44AE-BBF9-691C3DB38627}.Release|x86.Build.0 = Release|Win32
		{6946D6C0-9757-4DB9-81A9-4E2651EF541C}.Debug|x64.ActiveCfg = Debug|x64
		{6946D6C0-9757-4DB9-81A9-4E2651EF541C}.Debug|x64.Build.0 = Debug|x64
		{6946D6C0-9757-4DB9-81A9-4E2651EF541C}.Debug|x86.ActiveCfg = Debug|Win32
		{6946D6C0-9757-4DB9-81A9-4E2651EF541C}.Debug|x86.Build.0 = Debug|Win32
		{6946D6C0-9757-4DB9-81A9-4E2651EF541C}.Release|x64.ActiveCfg = Release|x64
		{6946D6C0-9757-4DB9-81A9-4E2651EF541C}.Release|x64.Build.0 = Release|x64
		{6946D6C0-9757-4DB9-81A9-4E2651EF541C}.Release|x86.ActiveCfg = Release|Win32
		{6946D6C0-9757-4DB9-81A9-4E2651EF541C}.Release|x86.Build.0 = Release|Win32
		{D9808C06-7DD2-417F-9A4A-B2CE554E7378}.Debug|x64.ActiveCfg = Debug|x64
		{D9808C06-7DD2-417F-9A4A-B2CE554E7378}.Debug|x64.Build.0 = Debug|x64
		{D9808C06-7DD2-417F-9A4A-B2CE554E7378}.Debug|x86.ActiveCfg = Debug|Win32
		{D9808C06-7DD2-417F-9A4A-B2CE554E7378}.Debug|x86.Build.0 = Debug|Win32
		{D9808C06-7DD2-417F-9A4A-B2CE554E7378}.Release|x64.ActiveCfg = Release|x64
		{D9808C06-7DD2-417F-9A4A-B2CE554E7378}.Release|x64.Build.0 = Release|x64
		{D9808C06-7DD2-417F-9A4A-B2CE554E7378}.Release|x86.ActiveCfg = Release|Win32
		{D9808C06-7DD2-417F-9A4A-B2CE554E7378}.Release|x86.Build.0 = Release|Win32
		{BFA086A7-1BB0-49AD-A5E4-B62C1FBE7FF4}.Debug|x64.ActiveCfg = Debug|x64
		{BFA086A7-1BB0-49AD-A5E4-B62C1FBE7FF4}.Debug|x64.Build.0 = Debug|x64
		{BFA086A7-1BB0-49AD-A5E4-B62C1FBE7FF4}.Debug|x86.ActiveCfg = Debug|Win32
		{BFA086A7-1BB0-49AD-A5E4-B62C1FBE7FF4}.Debug|x86.Build.0 = Debug|Win32
		{BFA086A7-1BB0-49AD-A5E4-B62C1FBE7FF4}.Release|x64.ActiveCfg = Release|x64
		{BFA086A7-1BB0-49AD-A5E4-B62C1FBE7FF4}.Release|x64.Build.0 = Release|x64
		{BFA086A7-1BB0-49AD-A5E4-B62C1FBE7FF4}.Release|x86.ActiveCfg = Release|Win32
		{BFA086A7-1BB0-49AD-A5E4-B62C1FBE7FF4}.Release|x86.Build.0 = Release|Win32
		{7B62FB2C-A875-447B-B794-215D5CB92639}.Debug|x64.ActiveCfg = Debug|x64
		{7B62FB2C-A875-447B-B794-215D5CB92639}.Debug|x64.Build.0 = Debug|x64
		{7B62FB2C-A875-447B-B794-215D5CB92639}.Debug|x86.ActiveCfg = Debug|Win32
		{7B62FB2C-A875-447B-B794-215D5CB92639}.Debug|x86.Build.0 = Debug|Win32
		{7B62FB2C-A875-447B-B794-215D5CB92639}.Release|x64.ActiveCfg = Release|x64
		{7B62FB2C-A875-447B-B794-215D5CB92639}.Release|x64.Build.0 = Release|x64
		{7B62FB2C-A875-447B-B794-215D5CB92639}.Release|x86.ActiveCfg = Release|Win32
		{7B62FB2C-A875-447B-B794-215D5CB92639}.Release|x86.Build.0 = Release|Win32
		{DC90172B-BE7C-4828-BA17-CC002B5B7B79}.Debug|x64.ActiveCfg = Debug|x64
		{DC90172B-BE7C-4828-BA17-CC002B5B7B79}.Debug|x64.Build.0 = Debug|x64
		{DC90172B-BE7C-4828-BA17-CC002B5B7B79}.Debug|x86.ActiveCfg = Debug|Win32
		{DC90172B-BE7C-4828-BA17-CC002B5B7B79}.Debug|x86.Build.0 = Debug|Win32
		{DC90172B-BE7C-4828-BA17-CC002B5B7B79}.Release|x64.ActiveCfg = Release|x64
		{DC90172B-BE7C-4828-BA17-CC002B5B7B79}.Release|x64.Build.0 = Release|x64
		{DC90172B-BE7C-4828-BA17-CC002B5B7B79}.Release|x86.ActiveCfg = Release|Win32
		{DC90172B-BE7C-4828-BA17-CC002B5B7B79}.Release|x86.Build.0 = Release|Win32
		{F9F28C55-356A-42B9-8C23-A42A683D8F1C}.Debug|x64.ActiveCfg = Debug|x64
		{F9F28C55-356A-42B9-8C23-A42A683D8F1C}.Debug|x64.Build.0 = Debug|x64
		{F9F28C55-356A-42B9-8C23-A42A683D8F1C}.Debug|x86.ActiveCfg = Debug|Win32
		{F9F28C55-356A-42B9-8C23-A42A683D8F1C}.Debug|x86.Build.0 = Debug|Win32
		{F9F28C55-356A-42B9-8C23-A42A683D8F1C}.Release|x64.ActiveCfg = Release|x64
		{F9F28C55-356A-42B9-8C23-A42A683D8F1C}.Release|x64.Build.0 = Release|x64
		{F9F28C55-356A-42B9-8C23-A42A683D8F1C}.Release|x86.ActiveCfg = Release|Win32
		{F9F28C55-356A-42B9-8C23-A42A683D8F1C}.Release|x86.Build.0 = Release|Win32
		{44A7F133-E14F-4E68-8CB3-A2319000B08A}.Debug|x64.ActiveCfg = Debug|x64
		{44A7F133-E14F-4E68-8CB3-A2319000B08A}.Debug|x64.Build.0 = Debug|x64
		{44A7F133-E14F-4E68-8CB3-A2319000B08A}.Debug|x86.ActiveCfg = Debug|Win32
		{44A7F133-E14F-4E68-8CB3-A2319000B08A}.Debug|x86.Build.0 = Debug|Win32
		{44A7F133-E14F-4E68-8CB3-A2319000B08A}.Release|x64.ActiveCfg = Release|x64
		{44A7F133-E14F-4E68-8CB3-A2319000B08A}.Release|x64.Build.0 = Release|x64
		{44A7F133-E14F-4E68-8CB3-A2319000B08A}.Release|x86.ActiveCfg = Release|Win32
		{44A7F133-E14F-4E68-8CB3-A2319000B08A}.Release|x86.Build.0 = Release|Win32
		{F91D848C-60E1-4481-9506-F2B030A78EEC}.Debug|x64.ActiveCfg = Debug|x64
		{F91D848C-60E1-4481-9506-F2B030A78EEC}.Debug|x64.Build.0 = Debug|x64
		{F91D848C-60E1-4481-9506-F2B030A78EEC}.Debug|x86.ActiveCfg = Debug|Win32
		{F91D848C-60E1-4481-9506-F2B030A78EEC}.Debug|x86.Build.0 = Debug|Win32
		{F91D848C-60E1-4481-9506-F2B030A78EEC}.Release|x64.ActiveCfg = Release|x64
		{F91D848C-60E1-4481-9506-F2B030A78EEC}.Release|x64.Build.0 = Release|x64
		{F91D848C-60E1-4481-9506-F2B030A78EEC}.Release|x86.ActiveCfg = Release|Win32
		{F91D848C-60E1-4481-9506-F2B030A78EEC}.Release|x86.Build.0 = Release|Win32
		{0DE04C29-E621-41C6-97CA-7DD122807DF8}.Debug|x64.ActiveCfg = Debug|x64
		{0DE04C29-E621-41C6-97CA-7DD122807DF8}.Debug|x64.Build.0 = Debug|x64
		{0DE04C29-E621-41C6-97CA-7DD122807DF8}.Debug|x86.ActiveCfg = Debug|Win32
		{0DE04C29-E621-41C6-97CA-7DD122807DF8}.Debug|x86.Build.0 = Debug|Win32
		{0DE04C29-E621-41C6-97CA-7DD122807DF8}.Release|x64.ActiveCfg = Release|x64
		{0DE04C29-E621-41C6-97CA-7DD122807DF8}.Release|x64.Build.0 = Release|x64
		{0DE04C29-E621-41C6-97CA-7DD122807DF8}.Release|x86.ActiveCfg = Release|Win32
		{0DE04C29-E621-41C6-97CA-7DD122807DF8}.Release|x86.Build.0 = Release|Win32
		{7DFA3686-65CC-477E-907B-55BC34CB62CC}.Debug|x64.ActiveCfg = Debug|x64
		{7DFA3686-65CC-477E-907B-55BC34CB62CC}.Debug|x64.Build.0 = Debug|x64
		{7DFA3686-65CC-477E-907B-55BC34CB62CC}.Debug|x86.ActiveCfg = Debug|Win32
		{7DFA3686-65CC-477E-907B-55BC34CB62CC}.Debug|x86.Build.0 = Debug|Win32
		{7DFA3686-65CC-477E-907B-55BC34CB62CC}.Release|x64.ActiveCfg = Release|x64
		{7DFA3686-65CC-477E-907B-55BC34CB62CC}.Release|x64.Build.0 = Release|x64
		{7DFA3686-65CC-477E-907B-55BC34CB62CC}.Release|x86.ActiveCfg = Release|Win32
		{7DFA3686-65CC-477E-907B-55BC34CB62CC}.Release|x86.Build.0 = Release|Win32
		{40659014-E291-47A1-B657-BAB58BD20418}.Debug|x64.ActiveCfg = Debug|x64
		{40659014-E291-47A1-B657-BAB58BD20418}.Debug|x64.Build.0 = Debug|x64
		{40659014-E291-47A1-B657-BAB58BD20418}.Debug|x86.ActiveCfg = Debug|Win32
		{40659014-E291-47A1-B657-BAB58BD20418}.Debug|x86.Build.0 = Debug|Win32
		{40659014-E291-47A1-B657-BAB58BD20418}.Release|x64.ActiveCfg = Release|x64
		{40659014-E291-47A1-B657-BAB58BD20418}.Release|x64.Build.0 = Release|x64
		{40659014-E291-47A1-B657-BAB58BD20418}.Release|x86.ActiveCfg = Release|Win32
		{40659014-E291-47A1-B657-BAB58BD20418}.Release|x86.Build.0 = Release|Win32
		{A7528348-6A65-4C4D-B774-79303F3C943A}.Debug|x64.ActiveCfg = Debug|x64
		{A7528348-6A65-4C4D-B774-79303F3C943A}.Debug|x64.Build.0 = Debug|x64
		{A7528348-6A65-4C4D-B774-79303F3C943A}.Debug|x86.ActiveCfg = Debug|Win32
		{A7528348-6A65-4C4D-B774-79303F3C943A}.Debug|x86.Build.0 = Debug|Win32
		{A7528348-6A65-4C4D-B774-79303F3C943A}.Release|x64.ActiveCfg = Release|x64
		{A7528348-6A65-4C4D-B774-79303F3C943A}.Release|x64.Build.0 = Release|x64
		{A7528348-6A65-4C4D-B774-79303F3C943A}.Release|x86.ActiveCfg = Release|Win32
		{A7528348-6A65-4C4D-B774-79303F3C943A}.Release|x86.Build.0 = Release|Win32
		{67029BD7-74DE-4CE1-A142-DBBCF2DC9403}.Debug|x64.ActiveCfg = Debug|x64
		{67029BD7-74DE-4CE1-A142-DBBCF2DC9403}.Debug|x64.Build.0 = Debug|x64
		{67029BD7-74DE-4CE1-A142-DBBCF2DC9403}.Debug|x86.ActiveCfg = Debug|Win32
		{67029BD7-74DE-4CE1-A142-DBBCF2DC9403}.Debug|x86.Build.0 = Debug|Win32
		{67029BD7-74DE-4CE1-A142-DBBCF2DC9403}.Release|x64.ActiveCfg = Release|x64
		{67029BD7-74DE-4CE1-A142-DBBCF2DC9403}.Release|x64.Build.0 = Release|x64
		{67029BD7-74DE-4CE1-A142-DBBCF2DC9403}.Release|x86.ActiveCfg = Release|Win32
		{67029BD7-74DE-4CE1-A142-DBBCF2DC9403}.Release|x86.Build.0 = Release|Win32
		{D810721F-9373-4BB0-8DEA-76065D55BDF4}.Debug|x64.ActiveCfg = Debug|x64
		{D810721F-9373-4BB0-8DEA-76065D55BDF4}.Debug|x64.Build.0 = Debug|x64
		{D810721F-9373-4BB0-8DEA-76065D55BDF4}.Debug|x86.ActiveCfg = Debug|Win32
		{D810721F-9373-4BB0-8DEA-76065D55BDF4}.Debug|x86.Build.0 = Debug|Win32
		{D810721F-9373-4BB0-8DEA-76065D55BDF4}.Release|x64.ActiveCfg = Release|x64
		{D810721F-9373-4BB0-8DEA-76065D55BDF4}.Release|x64.Build.0 = Release|x64
		{D810721F-9373-4BB0-8DEA-76065D55BDF4}.Release|x86.ActiveCfg = Release|Win32
		{D810721F-9373-4BB0-8DEA-76065D55BDF4}.Release|x86.Build.0 = Release|Win32
		{709A4F10-A849-48D4-A96F-A48E17B59A08}.Debug|x64.ActiveCfg = Debug|x64
		{709A4F10-A849-48D4-A96F-A48E17B59A08}.Debug|x64.Build.0 = Debug|x64
		{709A4F10-A849-48D4-A96F-A48E17B59A08}.Debug|x86.ActiveCfg = Debug|Win32
		{709A4F10-A849-48D4-A96F-A48E17B59A08}.Debug|x86.Build.0 = Debug|Win32
		{709A4F10-A849-48D4-A96F-A48E17B59A08}.Release|x64.ActiveCfg = Release|x64
		{709A4F10-A849-48D4-A96F-A48E17B59A08}.Release|x64.Build.0 = Release|x64
		{709A4F10-A849-48D4-A96F-A48E17B59A08}.Release|x86.ActiveCfg = Release|Win32
		{709A4F10-A849-48D4-A96F-A48E17B59A08}.Release|x86.Build.0 = Release|Win32
		{826D4674-AB89-40D0-8424-25AF37FEF00F}.Debug|x64.ActiveCfg = Debug|x64
		{826D4674-AB89-40D0-8424-25AF37FEF00F}.Debug|x64.Build.0 = Debug|x64
		{826D4674-AB89-40D0-8424-25AF37FEF00F}.Debug|x86.ActiveCfg = Debug|Win32
		{826D4674-AB89-40D0-8424-25AF37FEF00F}.Debug|x86.Build.0 = Debug|Win32
		{826D4674-AB89-40D0-8424-25AF37FEF00F}.Release|x64.ActiveCfg = Release|x64
		{826D4674-AB89-40D0-8424-25AF37FEF00F}.Release|x64.Build.0 = Release|x64
		{826D4674-AB89-40D0-8424-25AF37FEF00F}.Release|x86.ActiveCfg = Release|Win32
		{826D4674-AB89-40D0-8424-25AF37FEF00F}.Release|x86.Build.0 = Release|Win32
		{D6318599-9BF4-46D4-B7F5-341EB7A7561D}.Debug|x64.ActiveCfg = Debug|x64
		{D6318599-9BF4-46D4-B7F5-341EB7A7561D}.Debug|x64.Build.0 = Debug|x64
		{D6318599-9BF4-46D4-B7F5-341EB7A7561D}.Debug|x86.ActiveCfg = Debug|Win32
		{D6318599-9BF4-46D4-B7F5-341EB7A7561D}.Debug|x86.Build.0 = Debug|Win32
		{D6318599-9BF4-46D4-B7F5-341EB7A7561D}.Release|x64.ActiveCfg = Release|x64
		{D6318599-9BF4-46D4-B7F5-341EB7A7561D}.Release|x64.Build.0 = Release|x64
		{D6318599-9BF4-46D4-B7F5-341EB7A7561D}.Release|x86.ActiveCfg = Release|Win32
		{D6318599-9BF4-46D4-B7F5-341EB7A7561D}.Release|x86.Build.0 = Release|Win32
		{44AF550C-407D-41FB-8392-8F547BC7FAE4}.Debug|x64.ActiveCfg = Debug|x64
		{44AF550C-407D-41FB-8392-8F547BC7FAE4}.Debug|x64.Build.0 = Debug|x64
		{44AF550C-407D-41FB-8392-8F547BC7FAE4}.Debug|x86.ActiveCfg = Debug|Win32
		{44AF550C-407D-41FB-8392-8F547BC7FAE4}.Debug|x86.Build.0 = Debug|Win32
		{44AF550C-407D-41FB-8392-8F547BC7FAE4}.Release|x64.ActiveCfg = Release|x64
		{44AF550C-407D-41FB-8392-8F547BC7FAE4}.Release|x64.Build.0 = Release|x64
		{44AF550C-407D-41FB-8392-8F547BC7FAE4}.Release|x86.ActiveCfg = Release|Win32
		{44AF550C-407D-41FB-8392-8F547BC7FAE4}.Release|x86.Build.0 = Release|Win32
		{4B55683A-E566-4A8C-B44E-7F012626272D}.Debug|x64.ActiveCfg = Debug|x64
		{4B55683A-E566-4A8C-B44E-7F012626272D}.Debug|x64.Build.0 = Debug|x64
		{4B55683A-E566-4A8C-B44E-7F012626272D}.Debug|x86.ActiveCfg = Debug|Win32
		{4B55683A-E566-4A8C-B44E-7F012626272D}.Debug|x86.Build.0 = Debug|Win32
		{4B55683A-E566-4A8C-B44E-7F012626272D}.Release|x64.ActiveCfg = Release|x64
		{4B55683A-E566-4A8C-B44E-7F012626272D}.Release|x64.Build.0 = Release|x64
		{4B55683A-E566-4A8C-B44E-7F012626272D}.Release|x86.ActiveCfg = Release|Win32
		{4B55683A-E566-4A8C-B44E-7F012626272D}.Release|x86.Build.0 = Release|Win32
		{276FAB29-D7E6-4C75-9F07-D68500C0C348}.Debug|x64.ActiveCfg = Debug|x64
		{276FAB29-D7E6-4C75-9F07-D68500C0C348}.Debug|x64.Build.0 = Debug|x64
		{276FAB29-D7E6-4C75-9F07-D68500C0C348}.Debug|x86.ActiveCfg = Debug|Win32
		{276FAB29-D7E6-4C75-9F07-D68500C0C348}.Debug|x86.Build.0 = Debug|Win32
		{276FAB29-D7E6-4C75-9F07-D68500C0C348}.Release|x64.ActiveCfg = Release|x64
		{276FAB29-D7E6-4C75-9F07-D68500C0C348}.Release|x64.Build.0 = Release|x64
		{276FAB29-D7E6-4C75-9F07-D68500C0C348}.Release|x86.ActiveCfg = Release|Win32
		{276FAB29-D7E6-4C75-9F07-D68500C0C348}.Release|x86.Build.0 = Release|Win32
		{A0C1A3C9-5619-4121-9DF5-B741B9DAC5CB}.Debug|x64.ActiveCfg = Debug|x64
		{A0C1A3C9-5619-4121-9DF5-B741B9DAC5CB}.Debug|x64.Build.0 = Debug|x64
		{A0C1A3C9-5619-4121-9DF5-B741B9DAC5CB}.Debug|x86.ActiveCfg = Debug|Win32
		{A0C1A3C9-5619-4121-9DF5-B741B9DAC5CB}.Debug|x86.Build.0 = Debug|Win32
		{A0C1A3C9-5619-4121-9DF5-B741B9DAC5CB}.Release|x64.ActiveCfg = Release|x64
		{A0C1A3C9-5619-4121-9DF5-B741B9DAC5CB}.Release|x64.Build.0 = Release|x64
		{A0C1A3C9-5619-4121-9DF5-B741B9DAC5CB}.Release|x86.ActiveCfg = Release|Win32
		{A0C1A3C9-5619-4121-9DF5-B741B9DAC5CB}.Release|x86.Build.0 = Release|Win32
		{DD71068B-D290-4909-8283-21A036C6CA23}.Debug|x64.ActiveCfg = Debug|x64
		{DD71068B-D290-4909-8283-21A036C6CA23}.Debug|x64.Build.0 = Debug|x64
		{DD71068B-D290-4909-8283-21A036C6CA23}.Debug|x86.ActiveCfg = Debug|Win32
		{DD71068B-D290-4909-8283-21A036C6CA23}.Debug|x86.Build.0 = Debug|Win32
		{DD71068B-D290-4909-8283-21A036C6CA23}.Release|x64.ActiveCfg = Release|x64
		{DD71068B-D290-4909-8283-21A036C6CA23}.Release|x64.Build.0 = Release|x64
		{DD71068B-D290-4909-8283-21A036C6CA23}.Release|x86.ActiveCfg = Release|Win32
		{DD71068B-D290-4909-8283-21A036C6CA23}.Release|x86.Build.0 = Release|Win32
		{0989461C-BFA4-4E08-86B2-45B323DD9A58}.Debug|x64.ActiveCfg = Debug|x64
		{0989461C-BFA4-4E08-86B2-45B323DD9A58}.Debug|x64.Build.0 = Debug|x64
		{0989461C-BFA4-4E08-86B2-45B323DD9A58}.Debug|x86.ActiveCfg = Debug|Win32
		{0989461C-BFA4-4E08-86B2-45B323DD9A58}.Debug|x86.Build.0 = Debug|Win32
		{0989461C-BFA4-4E08-86B2-45B323DD9A58}.Release|x64.ActiveCfg = Release|x64
		{0989461C-BFA4-4E08-86B2-45B323DD9A58}.Release|x64.Build.0 = Release|x64
		{0989461C-BFA4-4E08-86B2-45B323DD9A58}.Release|x86.ActiveCfg = Release|Win32
		{0989461C-BFA4-4E08-86B2-45B323DD9A58}.Release|x86.Build.0 = Release|Win32
		{033AF18E-A9D9-46FC-AFC8-32F1201352E0}.Debug|x64.ActiveCfg = Debug|x64
		{033AF18E-A9D9-46FC-AFC8-32F1201352E0}.Debug|x64.Build.0 = Debug|x64
		{033AF18E-A9D9-46FC-AFC8-32F1201352E0}.Debug|x86.ActiveCfg = Debug|Win32
		{033AF18E-A9D9-46FC-AFC8-32F1201352E0}.Debug|x86.Build.0 = Debug|Win32
		{033AF18E-A9D9-46FC-AFC8-32F1201352E0}.Release|x64.ActiveCfg = Release|x64
		{033AF18E-A9D9-46FC-AFC8-32F1201352E0}.Release|x64.Build.0 = Release|x64
		{033AF18E-A9D9-46FC-AFC8-32F1201352E0}.Release|x86.ActiveCfg = Release|Win32
		{033AF18E-A9D9-46FC-AFC8-32F1201352E0}.Release|x86.Build.0 = Release|Win32
		{21EF55B4-27F9-4F3C-8268-7E5FD0EED273}.Debug|x64.ActiveCfg = Debug|x64
		{21EF55B4-27F9-4F3C-8268-7E5FD0EED273}.Debug|x64.Build.0 = Debug|x64
		{21EF55B4-27F9-4F3C-8268-7E5FD0EED273}.Debug|x86.ActiveCfg = Debug|Win32
		{21EF55B4-27F9-4F3C-8268-7E5FD0EED273}.Debug|x86.Build.0 = Debug|Win32
		{21EF55B4-27F9-4F3C-8268-7E5FD0EED273}.Release|x64.ActiveCfg = Release|x64
		{21EF55B4-27F9-4F3C-8268-7E5FD0EED273}.Release|x64.Build.0 = Release|x64
		{21EF55B4-27F9-4F3C-8268-7E5FD0EED273}.Release|x86.ActiveCfg = Release|Win32
		{21EF55B4-27F9-4F3C-8268-7E5FD0EED273}.Release|x86.Build.0 = Release|Win32
		{ACC33F62-58DF-4DBC-A28C-2689E89E384E}.Debug|x64.ActiveCfg = Debug|x64
		{ACC33F62-58DF-4DBC-A28C-2689E89E384E}.Debug|x64.Build.0 = Debug|x64
		{ACC33F62-58DF-4DBC-A28C-2689E89E384E}.Debug|x86.ActiveCfg = Debug|Win32
		{ACC33F62-58DF-4DBC-A28C-2689E89E384E}.Debug|x86.Build.0 = Debug|Win32
		{ACC33F62-58DF-4DBC-A28C-2689E89E384E}.Release|x64.ActiveCfg = Release|x64
		{ACC33F62-58DF-4DBC-A28C-2689E89E384E}.Release|x64.Build.0 = Release|x64
		{ACC33F62-58DF-4DBC-A28C-2689E89E384E}.Release|x86.ActiveCfg = Release|Win32
		{ACC33F62-58DF-4DBC-A28C-2689E89E384E}.Release|x86.Build.0 = Release|Win32
		{1D398BDA-A12F-4186-AB36-D1E1BEA42A7D}.Debug|x64.ActiveCfg = Debug|x64
		{1D398BDA-A12F-4186-AB36-D1E1BEA42A7D}.Debug|x64.Build.0 = Debug|x64
		{1D398BDA-A12F-4186-AB36-D1E1BEA42A7D}.Debug|x86.ActiveCfg = Debug|Win32
		{1D398BDA-A12F-4186-AB36-D1E1BEA42A7D}.Debug|x86.Build.0 = Debug|Win32
		{1D398BDA-A12F-4186-AB36-D1E1BEA42A7D}.Release|x64.ActiveCfg = Release|x64
		{1D398BDA-A12F-4186-AB36-D1E1BEA42A7D}.Release|x64.Build.0 = Release|x64
		{1D398BDA-A12F-4186-AB36-D1E1BEA42A7D}.Release|x86.ActiveCfg = Release|Win32
		{1D398BDA-A12F-4186-AB36-D1E1BEA42A7D}.Release|x86.Build.0 = Release|Win32
		{3B0FA268-EDA4-40EE-BD9F-FCC2166A4D65}.Debug|x64.ActiveCfg = Debug|x64
		{3B0FA268-EDA4-40EE-BD9F-FCC2166A4D65}.Debug|x64.Build.0 = Debug|x64
		{3B0FA268-EDA4-40EE-BD9F-FCC2166A4D65}.Debug|x86.ActiveCfg = Debug|Win32
		{3B0FA268-EDA4-40EE-BD9F-FCC2166A4D65}.Debug|x86.Build.0 = Debug|Win32
		{3B0FA268-EDA4-40EE-BD9F-FCC2166A4D65}.Release|x64.ActiveCfg = Release|x64
		{3B0FA268-EDA4-40EE-BD9F-FCC2166A4D65}.Release|x64.Build.0 = Release|x64
		{3B0FA268-EDA4-40EE-BD9F-FCC2166A4D65}.Release|x86.ActiveCfg = Release|Win32
		{3B0FA268-EDA4-40EE-BD9F-FCC2166A4D65}.Release|x86.Build.0 = Release|Win32
		{55FB12E1-3E80-4A7C-94DA-126FF170A09B}.Debug|x64.ActiveCfg = Debug|x64
		{55FB12E1-3E80-4A7C-94DA-126FF170A09B}.Debug|x64.Build.0 = Debug|x64
		{55FB12E1-3E80-4A7C-94DA-126FF170A09B}.Debug|x86.ActiveCfg = Debug|Win32
		{55FB12E1-3E80-4A7C-94DA-126FF170A09B}.Debug|x86.Build.0 = Debug|Win32
		{55FB12E1-3E80-4A7C-94DA-126FF170A09B}.Release|x64.ActiveCfg = Release|x64
		{55FB12E1-3E80-4A7C-94DA-126FF170A09B}.Release|x64.Build.0 = Release|x64
		{55FB12E1-3E80-4A7C-94DA-126FF170A09B}.Release|x86.ActiveCfg = Release|Win32
		{55FB12E1-3E80-4A7C-94DA-126FF170A09B}.Release|x86.Build.0 = Release|Win32
		{681125F5-A09E-4E96-B487-99C25114E43B}.Debug|x64.ActiveCfg = Debug|x64
		{681125F5-A09E-4E96-B487-99C25114E43B}.Debug|x64.Build.0 = Debug|x64
		{681125F5-A09E-4E96-B487-99C25114E43B}.Debug|x86.ActiveCfg = Debug|Win32
		{681125F5-A09E-4E96-B487-99C25114E43B}.Debug|x86.Build.0 = Debug|Win32
		{681125F5-A09E-4E96-B487-99C25114E43B}.Release|x64.ActiveCfg = Release|x64
		{681125F5-A09E-4E96-B487-99C25114E43B}.Release|x64.Build.0 = Release|x64
		{681125F5-A09E-4E96-B487-99C25114E43B}.Release|x86.ActiveCfg = Release|Win32
		{681125F5-A09E-4E96-B487-99C25114E43B}.Release|x86.Build.0 = Release|Win32
		{FE6A445F-687F-40B7-B40D-967066313057}.Debug|x64.ActiveCfg = Debug|x64
		{FE6A445F-687F-40B7-B40D-967066313057}.Debug|x64.Build.0 = Debug|x64
		{FE6A445F-687F-40B7-B40D-967066313057}.Debug|x86.ActiveCfg = Debug|Win32
		{FE6A445F-687F-40B7-B40D-967066313057}.Debug|x86.Build.0 = Debug|Win32
		{FE6A445F-687F-40B7-B40D-967066313057}.Release|x64.ActiveCfg = Release|x64
		{FE6A445F-687F-40B7-B40D-967066313057}.Release|x64.Build.0 = Release|x64
		{FE6A445F-687F-40B7-B40D-967066313057}.Release|x86.ActiveCfg = Release|Win32
		{FE6A445F-687F-40B7-B40D-967066313057}.Release|x86.Build.0 = Release|Win32
		{DCF9AC45-1600-4714-91EF-3A3FFBA6781A}.Debug|x64.ActiveCfg = Debug|x64
		{DCF9AC45-1600-4714-91EF-3A3FFBA6781A}.Debug|x64.Build.0 = Debug|x64
		{DCF9AC45-1600-4714-91EF-3A3FFBA6781A}.Debug|x86.ActiveCfg = Debug|Win32
		{DCF9AC45-1600-4714-91EF-3A3FFBA6781A}.Debug|x86.Build.0 = Debug|Win32
		{DCF9AC45-1600-4714-91EF-3A3FFBA6781A}.Release|x64.ActiveCfg = Release|x64
		{DCF9AC45-1600-4714-91EF-3A3FFBA6781A}.Release|x64.Build.0 = Release|x64
		{DCF9AC45-1600-4714-91EF-3A3FFBA6781A}.Release|x86.ActiveCfg = Release|Win32
		{DCF9AC45-1600-4714-91EF-3A3FFBA6781A}.Release|x86.Build.0 = Release|Win32
		{5E354209-1C48-4EBC-B985-37DC8C9ECD1B}.Debug|x64.ActiveCfg = Debug|x64
		{5E354209-1C48-4EBC-B985-37DC8C9ECD1B}.Debug|x64.Build.0 = Debug|x64
		{5E354209-1C48-4EBC-B985-37DC8C9ECD1B}.Debug|x86.ActiveCfg = Debug|Win32
		{5E354209-1C48-4EBC-B985-37DC8C9ECD1B}.Debug|x86.Build.0 = Debug|Win32
		{5E354209-1C48-4EBC-B985-37DC8C9ECD1B}.Release|x64.ActiveCfg = Release|x64
		{5E354209-1C48-4EBC-B985-37DC8C9ECD1B}.Release|x64.Build.0 = Release|x64
		{5E354209-1C48-4EBC-B985-37DC8C9ECD1B}.Release|x86.ActiveCfg = Release|Win32
		{5E354209-1C48-4EBC-B985-37DC8C9ECD1B}.Release|x86.Build.0 = Release|Win32
		{D16C8926-0446-4075-A045-7C5592E40754}.Debug|x64.ActiveCfg = Debug|x64
		{D16C8926-0446-4075-A045-7C5592E40754}.Debug|x64.Build.0 = Debug|x64
		{D16C8926-0446-4075-A045-7C5592E40754}.Debug|x86.ActiveCfg = Debug|Win32
		{D16C8926-0446-4075-A045-7C5592E40754}.Debug|x86.Build.0 = Debug|Win32
		{D16C8926-0446-4075-A045-7C5592E40754}.Release|x64.ActiveCfg = Release|x64
		{D16C8926-0446-4075-A045-7C5592E40754}.Release|x64.Build.0 = Release|x64
		{D16C8926-0446-4075-A045-7C5592E40754}.Release|x86.ActiveCfg = Release|Win32
		{D16C8926-0446-4075-A045-7C5592E40754}.Release|x86.Build.0 = Release|Win32
	EndGlobalSection
	GlobalSection(SolutionProperties) = preSolution
		HideSolutionNode = FALSE
	EndGlobalSection
	GlobalSection(ExtensibilityGlobals) = postSolution
		SolutionGuid = {400BA36E-A5EE-4E1A-839E-3281ED2467C5}
	EndGlobalSection
EndGlobal
